
Microsoft Visual Studio Solution File, Format Version 12.00
# Visual Studio Version 16
VisualStudioVersion = 16.0.32126.315
MinimumVisualStudioVersion = 10.0.40219.1
Project("{FAE04EC0-301F-11D3-BF4B-00C04F79EFBC}") = "StudentManagementSystem_MVC", "StudentManagementSystem_MVC\StudentManagementSystem_MVC.csproj", "{DE5E522B-9BCE-407A-B0B6-C810F166163E}"
EndProject
Global
	GlobalSection(SolutionConfigurationPlatforms) = preSolution
		Debug|Any CPU = Debug|Any CPU
		Release|Any CPU = Release|Any CPU
	EndGlobalSection
	GlobalSection(ProjectConfigurationPlatforms) = postSolution
		{DE5E522B-9BCE-407A-B0B6-C810F166163E}.Debug|Any CPU.ActiveCfg = Debug|Any CPU
		{DE5E522B-9BCE-407A-B0B6-C810F166163E}.Debug|Any CPU.Build.0 = Debug|Any CPU
		{DE5E522B-9BCE-407A-B0B6-C810F166163E}.Release|Any CPU.ActiveCfg = Release|Any CPU
		{DE5E522B-9BCE-407A-B0B6-C810F166163E}.Release|Any CPU.Build.0 = Release|Any CPU
	EndGlobalSection
	GlobalSection(SolutionProperties) = preSolution
		HideSolutionNode = FALSE
	EndGlobalSection
	GlobalSection(ExtensibilityGlobals) = postSolution
		SolutionGuid = {AA1880C0-A6E6-45A2-AFE8-C9CAA5C4EA4E}
	EndGlobalSection
EndGlobal
